// !$*UTF8*$!
{
	archiveVersion = 1;
	classes = {
	};
	objectVersion = 56;
	objects = {

/* Begin PBXBuildFile section */
		CC0000000000000000000003 /* ZIPFoundation in Frameworks */ = {isa = PBXBuildFile; productRef = CC0000000000000000000002 /* ZIPFoundation */; };
		AA0000000000000000000001 /* LittleBlackBookApp.swift in Sources */ = {isa = PBXBuildFile; fileRef = AB0000000000000000000001 /* LittleBlackBookApp.swift */; };
		AA0000000000000000000002 /* ContentView.swift in Sources */ = {isa = PBXBuildFile; fileRef = AB0000000000000000000002 /* ContentView.swift */; };
		AA0000000000000000000003 /* Book.swift in Sources */ = {isa = PBXBuildFile; fileRef = AB0000000000000000000003 /* Book.swift */; };
		AA0000000000000000000004 /* Category.swift in Sources */ = {isa = PBXBuildFile; fileRef = AB0000000000000000000004 /* Category.swift */; };
		AA0000000000000000000005 /* LibraryViewModel.swift in Sources */ = {isa = PBXBuildFile; fileRef = AB0000000000000000000005 /* LibraryViewModel.swift */; };
		AA0000000000000000000006 /* CategoriesViewModel.swift in Sources */ = {isa = PBXBuildFile; fileRef = AB0000000000000000000006 /* CategoriesViewModel.swift */; };
		AA0000000000000000000007 /* LibraryView.swift in Sources */ = {isa = PBXBuildFile; fileRef = AB0000000000000000000007 /* LibraryView.swift */; };
		AA0000000000000000000008 /* BookCardView.swift in Sources */ = {isa = PBXBuildFile; fileRef = AB0000000000000000000008 /* BookCardView.swift */; };
		AA0000000000000000000009 /* CategoriesView.swift in Sources */ = {isa = PBXBuildFile; fileRef = AB0000000000000000000009 /* CategoriesView.swift */; };
		AA000000000000000000000A /* CategoryFormView.swift in Sources */ = {isa = PBXBuildFile; fileRef = AB000000000000000000000A /* CategoryFormView.swift */; };
		AA000000000000000000000B /* BookDetailView.swift in Sources */ = {isa = PBXBuildFile; fileRef = AB000000000000000000000B /* BookDetailView.swift */; };
		AA000000000000000000000C /* BookEditView.swift in Sources */ = {isa = PBXBuildFile; fileRef = AB000000000000000000000C /* BookEditView.swift */; };
		AA000000000000000000000D /* EPUBReaderView.swift in Sources */ = {isa = PBXBuildFile; fileRef = AB000000000000000000000D /* EPUBReaderView.swift */; };
		AA000000000000000000000E /* EPUBParser.swift in Sources */ = {isa = PBXBuildFile; fileRef = AB000000000000000000000E /* EPUBParser.swift */; };
		AA000000000000000000000F /* BookStore.swift in Sources */ = {isa = PBXBuildFile; fileRef = AB000000000000000000000F /* BookStore.swift */; };
		AA0000000000000000000010 /* Color+Extensions.swift in Sources */ = {isa = PBXBuildFile; fileRef = AB0000000000000000000010 /* Color+Extensions.swift */; };
		AA0000000000000000000011 /* Assets.xcassets in Resources */ = {isa = PBXBuildFile; fileRef = AB0000000000000000000011 /* Assets.xcassets */; };
		AA0000000000000000000012 /* Track.swift in Sources */ = {isa = PBXBuildFile; fileRef = AB0000000000000000000013 /* Track.swift */; };
		AA0000000000000000000013 /* MusicCategory.swift in Sources */ = {isa = PBXBuildFile; fileRef = AB0000000000000000000014 /* MusicCategory.swift */; };
		AA0000000000000000000014 /* MusicStore.swift in Sources */ = {isa = PBXBuildFile; fileRef = AB0000000000000000000015 /* MusicStore.swift */; };
		AA0000000000000000000015 /* MusicPlayer.swift in Sources */ = {isa = PBXBuildFile; fileRef = AB0000000000000000000016 /* MusicPlayer.swift */; };
		AA0000000000000000000016 /* MusicViewModel.swift in Sources */ = {isa = PBXBuildFile; fileRef = AB0000000000000000000017 /* MusicViewModel.swift */; };
		AA0000000000000000000017 /* MusicView.swift in Sources */ = {isa = PBXBuildFile; fileRef = AB0000000000000000000018 /* MusicView.swift */; };
		AA0000000000000000000018 /* TrackRowView.swift in Sources */ = {isa = PBXBuildFile; fileRef = AB0000000000000000000019 /* TrackRowView.swift */; };
		AA0000000000000000000019 /* TrackDetailView.swift in Sources */ = {isa = PBXBuildFile; fileRef = AB000000000000000000001A /* TrackDetailView.swift */; };
		AA000000000000000000001A /* MusicPlayerView.swift in Sources */ = {isa = PBXBuildFile; fileRef = AB000000000000000000001B /* MusicPlayerView.swift */; };
		AA000000000000000000001B /* MiniPlayerView.swift in Sources */ = {isa = PBXBuildFile; fileRef = AB000000000000000000001C /* MiniPlayerView.swift */; };
		AA000000000000000000001C /* TXTReaderView.swift in Sources */ = {isa = PBXBuildFile; fileRef = AB000000000000000000001D /* TXTReaderView.swift */; };
		AA000000000000000000001D /* PDFReaderView.swift in Sources */ = {isa = PBXBuildFile; fileRef = AB000000000000000000001E /* PDFReaderView.swift */; };
		AA000000000000000000001E /* BookReaderView.swift in Sources */ = {isa = PBXBuildFile; fileRef = AB000000000000000000001F /* BookReaderView.swift */; };
		AA000000000000000000001F /* KGMDecryptor.swift in Sources */ = {isa = PBXBuildFile; fileRef = AB0000000000000000000020 /* KGMDecryptor.swift */; };
		AA0000000000000000000020 /* MusicCategoriesView.swift in Sources */ = {isa = PBXBuildFile; fileRef = AB0000000000000000000021 /* MusicCategoriesView.swift */; };
		AA0000000000000000000021 /* OnlineSong.swift in Sources */ = {isa = PBXBuildFile; fileRef = AB0000000000000000000022 /* OnlineSong.swift */; };
		AA0000000000000000000022 /* OnlineBook.swift in Sources */ = {isa = PBXBuildFile; fileRef = AB0000000000000000000023 /* OnlineBook.swift */; };
		AA0000000000000000000023 /* OnlineMusicService.swift in Sources */ = {isa = PBXBuildFile; fileRef = AB0000000000000000000024 /* OnlineMusicService.swift */; };
		AA0000000000000000000024 /* OnlineBookService.swift in Sources */ = {isa = PBXBuildFile; fileRef = AB0000000000000000000025 /* OnlineBookService.swift */; };
		AA0000000000000000000025 /* OnlineMusicViewModel.swift in Sources */ = {isa = PBXBuildFile; fileRef = AB0000000000000000000026 /* OnlineMusicViewModel.swift */; };
		AA0000000000000000000026 /* OnlineBookViewModel.swift in Sources */ = {isa = PBXBuildFile; fileRef = AB0000000000000000000027 /* OnlineBookViewModel.swift */; };
		AA0000000000000000000027 /* OnlineMusicView.swift in Sources */ = {isa = PBXBuildFile; fileRef = AB0000000000000000000028 /* OnlineMusicView.swift */; };
		AA0000000000000000000028 /* OnlineBookView.swift in Sources */ = {isa = PBXBuildFile; fileRef = AB0000000000000000000029 /* OnlineBookView.swift */; };
		AA0000000000000000000029 /* SplashView.swift in Sources */ = {isa = PBXBuildFile; fileRef = AB0000000000000000000030 /* SplashView.swift */; };
/* End PBXBuildFile section */

/* Begin PBXFileReference section */
		AB0000000000000000000000 /* LittleBlackBook.app */ = {isa = PBXFileReference; explicitFileType = wrapper.application; includeInIndex = 0; path = LittleBlackBook.app; sourceTree = BUILT_PRODUCTS_DIR; };
		AB0000000000000000000001 /* LittleBlackBookApp.swift */ = {isa = PBXFileReference; lastKnownFileType = sourcecode.swift; path = LittleBlackBookApp.swift; sourceTree = "<group>"; };
		AB0000000000000000000002 /* ContentView.swift */ = {isa = PBXFileReference; lastKnownFileType = sourcecode.swift; path = ContentView.swift; sourceTree = "<group>"; };
		AB0000000000000000000003 /* Book.swift */ = {isa = PBXFileReference; lastKnownFileType = sourcecode.swift; path = Book.swift; sourceTree = "<group>"; };
		AB0000000000000000000004 /* Category.swift */ = {isa = PBXFileReference; lastKnownFileType = sourcecode.swift; path = Category.swift; sourceTree = "<group>"; };
		AB0000000000000000000005 /* LibraryViewModel.swift */ = {isa = PBXFileReference; lastKnownFileType = sourcecode.swift; path = LibraryViewModel.swift; sourceTree = "<group>"; };
		AB0000000000000000000006 /* CategoriesViewModel.swift */ = {isa = PBXFileReference; lastKnownFileType = sourcecode.swift; path = CategoriesViewModel.swift; sourceTree = "<group>"; };
		AB0000000000000000000007 /* LibraryView.swift */ = {isa = PBXFileReference; lastKnownFileType = sourcecode.swift; path = LibraryView.swift; sourceTree = "<group>"; };
		AB0000000000000000000008 /* BookCardView.swift */ = {isa = PBXFileReference; lastKnownFileType = sourcecode.swift; path = BookCardView.swift; sourceTree = "<group>"; };
		AB0000000000000000000009 /* CategoriesView.swift */ = {isa = PBXFileReference; lastKnownFileType = sourcecode.swift; path = CategoriesView.swift; sourceTree = "<group>"; };
		AB000000000000000000000A /* CategoryFormView.swift */ = {isa = PBXFileReference; lastKnownFileType = sourcecode.swift; path = CategoryFormView.swift; sourceTree = "<group>"; };
		AB000000000000000000000B /* BookDetailView.swift */ = {isa = PBXFileReference; lastKnownFileType = sourcecode.swift; path = BookDetailView.swift; sourceTree = "<group>"; };
		AB000000000000000000000C /* BookEditView.swift */ = {isa = PBXFileReference; lastKnownFileType = sourcecode.swift; path = BookEditView.swift; sourceTree = "<group>"; };
		AB000000000000000000000D /* EPUBReaderView.swift */ = {isa = PBXFileReference; lastKnownFileType = sourcecode.swift; path = EPUBReaderView.swift; sourceTree = "<group>"; };
		AB000000000000000000000E /* EPUBParser.swift */ = {isa = PBXFileReference; lastKnownFileType = sourcecode.swift; path = EPUBParser.swift; sourceTree = "<group>"; };
		AB000000000000000000000F /* BookStore.swift */ = {isa = PBXFileReference; lastKnownFileType = sourcecode.swift; path = BookStore.swift; sourceTree = "<group>"; };
		AB0000000000000000000010 /* Color+Extensions.swift */ = {isa = PBXFileReference; lastKnownFileType = sourcecode.swift; path = "Color+Extensions.swift"; sourceTree = "<group>"; };
		AB0000000000000000000011 /* Assets.xcassets */ = {isa = PBXFileReference; lastKnownFileType = folder.assetcatalog; path = Assets.xcassets; sourceTree = "<group>"; };
		AB0000000000000000000012 /* Info.plist */ = {isa = PBXFileReference; lastKnownFileType = text.plist.xml; path = Info.plist; sourceTree = "<group>"; };
		AB0000000000000000000013 /* Track.swift */ = {isa = PBXFileReference; lastKnownFileType = sourcecode.swift; path = Track.swift; sourceTree = "<group>"; };
		AB0000000000000000000014 /* MusicCategory.swift */ = {isa = PBXFileReference; lastKnownFileType = sourcecode.swift; path = MusicCategory.swift; sourceTree = "<group>"; };
		AB0000000000000000000015 /* MusicStore.swift */ = {isa = PBXFileReference; lastKnownFileType = sourcecode.swift; path = MusicStore.swift; sourceTree = "<group>"; };
		AB0000000000000000000016 /* MusicPlayer.swift */ = {isa = PBXFileReference; lastKnownFileType = sourcecode.swift; path = MusicPlayer.swift; sourceTree = "<group>"; };
		AB0000000000000000000017 /* MusicViewModel.swift */ = {isa = PBXFileReference; lastKnownFileType = sourcecode.swift; path = MusicViewModel.swift; sourceTree = "<group>"; };
		AB0000000000000000000018 /* MusicView.swift */ = {isa = PBXFileReference; lastKnownFileType = sourcecode.swift; path = MusicView.swift; sourceTree = "<group>"; };
		AB0000000000000000000019 /* TrackRowView.swift */ = {isa = PBXFileReference; lastKnownFileType = sourcecode.swift; path = TrackRowView.swift; sourceTree = "<group>"; };
		AB000000000000000000001A /* TrackDetailView.swift */ = {isa = PBXFileReference; lastKnownFileType = sourcecode.swift; path = TrackDetailView.swift; sourceTree = "<group>"; };
		AB000000000000000000001B /* MusicPlayerView.swift */ = {isa = PBXFileReference; lastKnownFileType = sourcecode.swift; path = MusicPlayerView.swift; sourceTree = "<group>"; };
		AB000000000000000000001C /* MiniPlayerView.swift */ = {isa = PBXFileReference; lastKnownFileType = sourcecode.swift; path = MiniPlayerView.swift; sourceTree = "<group>"; };
		AB000000000000000000001D /* TXTReaderView.swift */ = {isa = PBXFileReference; lastKnownFileType = sourcecode.swift; path = TXTReaderView.swift; sourceTree = "<group>"; };
		AB000000000000000000001E /* PDFReaderView.swift */ = {isa = PBXFileReference; lastKnownFileType = sourcecode.swift; path = PDFReaderView.swift; sourceTree = "<group>"; };
		AB000000000000000000001F /* BookReaderView.swift */ = {isa = PBXFileReference; lastKnownFileType = sourcecode.swift; path = BookReaderView.swift; sourceTree = "<group>"; };
		AB0000000000000000000020 /* KGMDecryptor.swift */ = {isa = PBXFileReference; lastKnownFileType = sourcecode.swift; path = KGMDecryptor.swift; sourceTree = "<group>"; };
		AB0000000000000000000021 /* MusicCategoriesView.swift */ = {isa = PBXFileReference; lastKnownFileType = sourcecode.swift; path = MusicCategoriesView.swift; sourceTree = "<group>"; };
		AB0000000000000000000022 /* OnlineSong.swift */ = {isa = PBXFileReference; lastKnownFileType = sourcecode.swift; path = OnlineSong.swift; sourceTree = "<group>"; };
		AB0000000000000000000023 /* OnlineBook.swift */ = {isa = PBXFileReference; lastKnownFileType = sourcecode.swift; path = OnlineBook.swift; sourceTree = "<group>"; };
		AB0000000000000000000024 /* OnlineMusicService.swift */ = {isa = PBXFileReference; lastKnownFileType = sourcecode.swift; path = OnlineMusicService.swift; sourceTree = "<group>"; };
		AB0000000000000000000025 /* OnlineBookService.swift */ = {isa = PBXFileReference; lastKnownFileType = sourcecode.swift; path = OnlineBookService.swift; sourceTree = "<group>"; };
		AB0000000000000000000026 /* OnlineMusicViewModel.swift */ = {isa = PBXFileReference; lastKnownFileType = sourcecode.swift; path = OnlineMusicViewModel.swift; sourceTree = "<group>"; };
		AB0000000000000000000027 /* OnlineBookViewModel.swift */ = {isa = PBXFileReference; lastKnownFileType = sourcecode.swift; path = OnlineBookViewModel.swift; sourceTree = "<group>"; };
		AB0000000000000000000028 /* OnlineMusicView.swift */ = {isa = PBXFileReference; lastKnownFileType = sourcecode.swift; path = OnlineMusicView.swift; sourceTree = "<group>"; };
		AB0000000000000000000029 /* OnlineBookView.swift */ = {isa = PBXFileReference; lastKnownFileType = sourcecode.swift; path = OnlineBookView.swift; sourceTree = "<group>"; };
		AB0000000000000000000030 /* SplashView.swift */ = {isa = PBXFileReference; lastKnownFileType = sourcecode.swift; path = SplashView.swift; sourceTree = "<group>"; };
/* End PBXFileReference section */

/* Begin PBXFrameworksBuildPhase section */
		AC0000000000000000000001 /* Frameworks */ = {
			isa = PBXFrameworksBuildPhase;
			buildActionMask = 2147483647;
			files = (
				CC0000000000000000000003 /* ZIPFoundation in Frameworks */,
			);
			runOnlyForDeploymentPostprocessing = 0;
		};
/* End PBXFrameworksBuildPhase section */

/* Begin PBXGroup section */
		AD0000000000000000000001 = {
			isa = PBXGroup;
			children = (
				AD0000000000000000000002 /* LittleBlackBook */,
				AD000000000000000000000F /* Products */,
			);
			sourceTree = "<group>";
		};
		AD0000000000000000000002 /* LittleBlackBook */ = {
			isa = PBXGroup;
			children = (
				AD0000000000000000000003 /* App */,
				AD0000000000000000000004 /* Models */,
				AD0000000000000000000005 /* ViewModels */,
				AD0000000000000000000006 /* Views */,
				AD0000000000000000000007 /* Services */,
				AD0000000000000000000008 /* Extensions */,
				AD0000000000000000000009 /* Resources */,
			);
			path = LittleBlackBook;
			sourceTree = "<group>";
		};
		AD0000000000000000000003 /* App */ = {
			isa = PBXGroup;
			children = (
				AB0000000000000000000001 /* LittleBlackBookApp.swift */,
				AB0000000000000000000002 /* ContentView.swift */,
			);
			path = App;
			sourceTree = "<group>";
		};
		AD0000000000000000000004 /* Models */ = {
			isa = PBXGroup;
			children = (
				AB0000000000000000000003 /* Book.swift */,
				AB0000000000000000000004 /* Category.swift */,
				AB0000000000000000000013 /* Track.swift */,
				AB0000000000000000000014 /* MusicCategory.swift */,
				AB0000000000000000000022 /* OnlineSong.swift */,
				AB0000000000000000000023 /* OnlineBook.swift */,
			);
			path = Models;
			sourceTree = "<group>";
		};
		AD0000000000000000000005 /* ViewModels */ = {
			isa = PBXGroup;
			children = (
				AB0000000000000000000005 /* LibraryViewModel.swift */,
				AB0000000000000000000006 /* CategoriesViewModel.swift */,
				AB0000000000000000000017 /* MusicViewModel.swift */,
				AB0000000000000000000026 /* OnlineMusicViewModel.swift */,
				AB0000000000000000000027 /* OnlineBookViewModel.swift */,
			);
			path = ViewModels;
			sourceTree = "<group>";
		};
		AD0000000000000000000006 /* Views */ = {
			isa = PBXGroup;
			children = (
				AD000000000000000000000A /* Library */,
				AD000000000000000000000B /* Categories */,
				AD000000000000000000000C /* Detail */,
				AD000000000000000000000D /* Reader */,
				AD000000000000000000000E /* Music */,
				AD0000000000000000000010 /* Online */,
				AB0000000000000000000030 /* SplashView.swift */,
			);
			path = Views;
			sourceTree = "<group>";
		};
		AD0000000000000000000007 /* Services */ = {
			isa = PBXGroup;
			children = (
				AB000000000000000000000E /* EPUBParser.swift */,
				AB000000000000000000000F /* BookStore.swift */,
				AB0000000000000000000015 /* MusicStore.swift */,
				AB0000000000000000000016 /* MusicPlayer.swift */,
				AB0000000000000000000020 /* KGMDecryptor.swift */,
				AB0000000000000000000024 /* OnlineMusicService.swift */,
				AB0000000000000000000025 /* OnlineBookService.swift */,
			);
			path = Services;
			sourceTree = "<group>";
		};
		AD0000000000000000000008 /* Extensions */ = {
			isa = PBXGroup;
			children = (
				AB0000000000000000000010 /* Color+Extensions.swift */,
			);
			path = Extensions;
			sourceTree = "<group>";
		};
		AD0000000000000000000009 /* Resources */ = {
			isa = PBXGroup;
			children = (
				AB0000000000000000000011 /* Assets.xcassets */,
				AB0000000000000000000012 /* Info.plist */,
			);
			path = Resources;
			sourceTree = "<group>";
		};
		AD000000000000000000000A /* Library */ = {
			isa = PBXGroup;
			children = (
				AB0000000000000000000007 /* LibraryView.swift */,
				AB0000000000000000000008 /* BookCardView.swift */,
			);
			path = Library;
			sourceTree = "<group>";
		};
		AD000000000000000000000B /* Categories */ = {
			isa = PBXGroup;
			children = (
				AB0000000000000000000009 /* CategoriesView.swift */,
				AB000000000000000000000A /* CategoryFormView.swift */,
			);
			path = Categories;
			sourceTree = "<group>";
		};
		AD000000000000000000000C /* Detail */ = {
			isa = PBXGroup;
			children = (
				AB000000000000000000000B /* BookDetailView.swift */,
				AB000000000000000000000C /* BookEditView.swift */,
			);
			path = Detail;
			sourceTree = "<group>";
		};
		AD000000000000000000000D /* Reader */ = {
			isa = PBXGroup;
			children = (
				AB000000000000000000000D /* EPUBReaderView.swift */,
				AB000000000000000000001D /* TXTReaderView.swift */,
				AB000000000000000000001E /* PDFReaderView.swift */,
				AB000000000000000000001F /* BookReaderView.swift */,
			);
			path = Reader;
			sourceTree = "<group>";
		};
		AD000000000000000000000E /* Music */ = {
			isa = PBXGroup;
			children = (
				AB0000000000000000000018 /* MusicView.swift */,
				AB0000000000000000000019 /* TrackRowView.swift */,
				AB000000000000000000001A /* TrackDetailView.swift */,
				AB000000000000000000001B /* MusicPlayerView.swift */,
				AB000000000000000000001C /* MiniPlayerView.swift */,
				AB0000000000000000000021 /* MusicCategoriesView.swift */,
			);
			path = Music;
			sourceTree = "<group>";
		};
		AD0000000000000000000010 /* Online */ = {
			isa = PBXGroup;
			children = (
				AB0000000000000000000028 /* OnlineMusicView.swift */,
				AB0000000000000000000029 /* OnlineBookView.swift */,
			);
			path = Online;
			sourceTree = "<group>";
		};
		AD000000000000000000000F /* Products */ = {
			isa = PBXGroup;
			children = (
				AB0000000000000000000000 /* LittleBlackBook.app */,
			);
			name = Products;
			sourceTree = "<group>";
		};
/* End PBXGroup section */

/* Begin PBXNativeTarget section */
		AE0000000000000000000001 /* LittleBlackBook */ = {
			isa = PBXNativeTarget;
			buildConfigurationList = AF0000000000000000000001 /* Build configuration list for PBXNativeTarget "LittleBlackBook" */;
			buildPhases = (
				AC0000000000000000000002 /* Sources */,
				AC0000000000000000000001 /* Frameworks */,
				AC0000000000000000000003 /* Resources */,
			);
			buildRules = (
			);
			dependencies = (
			);
			name = LittleBlackBook;
			packageProductDependencies = (
				CC0000000000000000000002 /* ZIPFoundation */,
			);
			productName = LittleBlackBook;
			productReference = AB0000000000000000000000 /* LittleBlackBook.app */;
			productType = "com.apple.product-type.application";
		};
/* End PBXNativeTarget section */

/* Begin PBXProject section */
		AE0000000000000000000000 /* Project object */ = {
			isa = PBXProject;
			attributes = {
				BuildIndependentTargetsInParallel = 1;
				LastSwiftUpdateCheck = 1600;
				LastUpgradeCheck = 1600;
				TargetAttributes = {
					AE0000000000000000000001 = {
						CreatedOnToolsVersion = 16.0;
					};
				};
			};
			buildConfigurationList = AF0000000000000000000002 /* Build configuration list for PBXProject "LittleBlackBook" */;
			compatibilityVersion = "Xcode 14.0";
			developmentRegion = zh_CN;
			hasScannedForEncodings = 0;
			knownRegions = (
				zh_CN,
				en,
				Base,
			);
			mainGroup = AD0000000000000000000001;
			packageReferences = (
				CC0000000000000000000001 /* XCRemoteSwiftPackageReference "ZIPFoundation" */,
			);
			productRefGroup = AD000000000000000000000F /* Products */;
			projectDirPath = "";
			projectRoot = "";
			targets = (
				AE0000000000000000000001 /* LittleBlackBook */,
			);
		};
/* End PBXProject section */

/* Begin PBXResourcesBuildPhase section */
		AC0000000000000000000003 /* Resources */ = {
			isa = PBXResourcesBuildPhase;
			buildActionMask = 2147483647;
			files = (
				AA0000000000000000000011 /* Assets.xcassets in Resources */,
			);
			runOnlyForDeploymentPostprocessing = 0;
		};
/* End PBXResourcesBuildPhase section */

/* Begin PBXSourcesBuildPhase section */
		AC0000000000000000000002 /* Sources */ = {
			isa = PBXSourcesBuildPhase;
			buildActionMask = 2147483647;
			files = (
				AA0000000000000000000001 /* LittleBlackBookApp.swift in Sources */,
				AA0000000000000000000002 /* ContentView.swift in Sources */,
				AA0000000000000000000003 /* Book.swift in Sources */,
				AA0000000000000000000004 /* Category.swift in Sources */,
				AA0000000000000000000005 /* LibraryViewModel.swift in Sources */,
				AA0000000000000000000006 /* CategoriesViewModel.swift in Sources */,
				AA0000000000000000000007 /* LibraryView.swift in Sources */,
				AA0000000000000000000008 /* BookCardView.swift in Sources */,
				AA0000000000000000000009 /* CategoriesView.swift in Sources */,
				AA000000000000000000000A /* CategoryFormView.swift in Sources */,
				AA000000000000000000000B /* BookDetailView.swift in Sources */,
				AA000000000000000000000C /* BookEditView.swift in Sources */,
				AA000000000000000000000D /* EPUBReaderView.swift in Sources */,
				AA000000000000000000000E /* EPUBParser.swift in Sources */,
				AA000000000000000000000F /* BookStore.swift in Sources */,
				AA0000000000000000000010 /* Color+Extensions.swift in Sources */,
				AA0000000000000000000012 /* Track.swift in Sources */,
				AA0000000000000000000013 /* MusicCategory.swift in Sources */,
				AA0000000000000000000014 /* MusicStore.swift in Sources */,
				AA0000000000000000000015 /* MusicPlayer.swift in Sources */,
				AA0000000000000000000016 /* MusicViewModel.swift in Sources */,
				AA0000000000000000000017 /* MusicView.swift in Sources */,
				AA0000000000000000000018 /* TrackRowView.swift in Sources */,
				AA0000000000000000000019 /* TrackDetailView.swift in Sources */,
				AA000000000000000000001A /* MusicPlayerView.swift in Sources */,
				AA000000000000000000001B /* MiniPlayerView.swift in Sources */,
				AA000000000000000000001C /* TXTReaderView.swift in Sources */,
				AA000000000000000000001D /* PDFReaderView.swift in Sources */,
				AA000000000000000000001E /* BookReaderView.swift in Sources */,
				AA000000000000000000001F /* KGMDecryptor.swift in Sources */,
				AA0000000000000000000020 /* MusicCategoriesView.swift in Sources */,
				AA0000000000000000000021 /* OnlineSong.swift in Sources */,
				AA0000000000000000000022 /* OnlineBook.swift in Sources */,
				AA0000000000000000000023 /* OnlineMusicService.swift in Sources */,
				AA0000000000000000000024 /* OnlineBookService.swift in Sources */,
				AA0000000000000000000025 /* OnlineMusicViewModel.swift in Sources */,
				AA0000000000000000000026 /* OnlineBookViewModel.swift in Sources */,
				AA0000000000000000000027 /* OnlineMusicView.swift in Sources */,
				AA0000000000000000000028 /* OnlineBookView.swift in Sources */,
				AA0000000000000000000029 /* SplashView.swift in Sources */,
			);
			runOnlyForDeploymentPostprocessing = 0;
		};
/* End PBXSourcesBuildPhase section */

/* Begin XCBuildConfiguration section */
		AF0000000000000000000003 /* Debug */ = {
			isa = XCBuildConfiguration;
			buildSettings = {
				ALWAYS_SEARCH_USER_PATHS = NO;
				ASSETCATALOG_COMPILER_GENERATE_SWIFT_ASSET_SYMBOL_EXTENSIONS = YES;
				CLANG_ANALYZER_NONNULL = YES;
				CLANG_ANALYZER_NUMBER_OBJECT_CONVERSION = YES_AGGRESSIVE;
				CLANG_CXX_LANGUAGE_STANDARD = "gnu++20";
				CLANG_ENABLE_MODULES = YES;
				CLANG_ENABLE_OBJC_ARC = YES;
				CLANG_ENABLE_OBJC_WEAK = YES;
				CLANG_WARN_BLOCK_CAPTURE_AUTORELEASING = YES;
				CLANG_WARN_BOOL_CONVERSION = YES;
				CLANG_WARN_COMMA = YES;
				CLANG_WARN_CONSTANT_CONVERSION = YES;
				CLANG_WARN_DEPRECATED_OBJC_IMPLEMENTATIONS = YES;
				CLANG_WARN_DIRECT_OBJC_ISA_USAGE = YES_ERROR;
				CLANG_WARN_DOCUMENTATION_COMMENTS = YES;
				CLANG_WARN_EMPTY_BODY = YES;
				CLANG_WARN_ENUM_CONVERSION = YES;
				CLANG_WARN_INFINITE_RECURSION = YES;
				CLANG_WARN_INT_CONVERSION = YES;
				CLANG_WARN_NON_LITERAL_NULL_CONVERSION = YES;
				CLANG_WARN_OBJC_IMPLICIT_RETAIN_SELF = YES;
				CLANG_WARN_OBJC_LITERAL_CONVERSION = YES;
				CLANG_WARN_OBJC_ROOT_CLASS = YES_ERROR;
				CLANG_WARN_QUOTED_INCLUDE_IN_FRAMEWORK_HEADER = YES;
				CLANG_WARN_RANGE_LOOP_ANALYSIS = YES;
				CLANG_WARN_STRICT_PROTOTYPES = YES;
				CLANG_WARN_SUSPICIOUS_MOVE = YES;
				CLANG_WARN_UNGUARDED_AVAILABILITY = YES_AGGRESSIVE;
				CLANG_WARN_UNREACHABLE_CODE = YES;
				CLANG_WARN__DUPLICATE_METHOD_MATCH = YES;
				COPY_PHASE_STRIP = NO;
				DEBUG_INFORMATION_FORMAT = dwarf;
				ENABLE_STRICT_OBJC_MSGSEND = YES;
				ENABLE_TESTABILITY = YES;
				ENABLE_USER_SCRIPT_SANDBOXING = YES;
				GCC_C_LANGUAGE_STANDARD = gnu17;
				GCC_DYNAMIC_NO_PIC = NO;
				GCC_NO_COMMON_BLOCKS = YES;
				GCC_OPTIMIZATION_LEVEL = 0;
				GCC_PREPROCESSOR_DEFINITIONS = (
					"DEBUG=1",
					"$(inherited)",
				);
				GCC_WARN_64_TO_32_BIT_CONVERSION = YES;
				GCC_WARN_ABOUT_RETURN_TYPE = YES_ERROR;
				GCC_WARN_UNDECLARED_SELECTOR = YES;
				GCC_WARN_UNINITIALIZED_AUTOS = YES_AGGRESSIVE;
				GCC_WARN_UNUSED_FUNCTION = YES;
				GCC_WARN_UNUSED_VARIABLE = YES;
				IPHONEOS_DEPLOYMENT_TARGET = 17.0;
				MTL_ENABLE_DEBUG_INFO = INCLUDE_SOURCE;
				MTL_FAST_MATH = YES;
				ONLY_ACTIVE_ARCH = YES;
				SDKROOT = iphoneos;
				SWIFT_ACTIVE_COMPILATION_CONDITIONS = "DEBUG $(inherited)";
				SWIFT_OPTIMIZATION_LEVEL = "-Onone";
			};
			name = Debug;
		};
		AF0000000000000000000004 /* Release */ = {
			isa = XCBuildConfiguration;
			buildSettings = {
				ALWAYS_SEARCH_USER_PATHS = NO;
				ASSETCATALOG_COMPILER_GENERATE_SWIFT_ASSET_SYMBOL_EXTENSIONS = YES;
				CLANG_ANALYZER_NONNULL = YES;
				CLANG_ANALYZER_NUMBER_OBJECT_CONVERSION = YES_AGGRESSIVE;
				CLANG_CXX_LANGUAGE_STANDARD = "gnu++20";
				CLANG_ENABLE_MODULES = YES;
				CLANG_ENABLE_OBJC_ARC = YES;
				CLANG_ENABLE_OBJC_WEAK = YES;
				CLANG_WARN_BLOCK_CAPTURE_AUTORELEASING = YES;
				CLANG_WARN_BOOL_CONVERSION = YES;
				CLANG_WARN_COMMA = YES;
				CLANG_WARN_CONSTANT_CONVERSION = YES;
				CLANG_WARN_DEPRECATED_OBJC_IMPLEMENTATIONS = YES;
				CLANG_WARN_DIRECT_OBJC_ISA_USAGE = YES_ERROR;
				CLANG_WARN_DOCUMENTATION_COMMENTS = YES;
				CLANG_WARN_EMPTY_BODY = YES;
				CLANG_WARN_ENUM_CONVERSION = YES;
				CLANG_WARN_INFINITE_RECURSION = YES;
				CLANG_WARN_INT_CONVERSION = YES;
				CLANG_WARN_NON_LITERAL_NULL_CONVERSION = YES;
				CLANG_WARN_OBJC_IMPLICIT_RETAIN_SELF = YES;
				CLANG_WARN_OBJC_LITERAL_CONVERSION = YES;
				CLANG_WARN_OBJC_ROOT_CLASS = YES_ERROR;
				CLANG_WARN_QUOTED_INCLUDE_IN_FRAMEWORK_HEADER = YES;
				CLANG_WARN_RANGE_LOOP_ANALYSIS = YES;
				CLANG_WARN_STRICT_PROTOTYPES = YES;
				CLANG_WARN_SUSPICIOUS_MOVE = YES;
				CLANG_WARN_UNGUARDED_AVAILABILITY = YES_AGGRESSIVE;
				CLANG_WARN_UNREACHABLE_CODE = YES;
				CLANG_WARN__DUPLICATE_METHOD_MATCH = YES;
				COPY_PHASE_STRIP = NO;
				DEBUG_INFORMATION_FORMAT = "dwarf-with-dsym";
				ENABLE_NS_ASSERTIONS = NO;
				ENABLE_STRICT_OBJC_MSGSEND = YES;
				ENABLE_USER_SCRIPT_SANDBOXING = YES;
				GCC_C_LANGUAGE_STANDARD = gnu17;
				GCC_NO_COMMON_BLOCKS = YES;
				GCC_WARN_64_TO_32_BIT_CONVERSION = YES;
				GCC_WARN_ABOUT_RETURN_TYPE = YES_ERROR;
				GCC_WARN_UNDECLARED_SELECTOR = YES;
				GCC_WARN_UNINITIALIZED_AUTOS = YES_AGGRESSIVE;
				GCC_WARN_UNUSED_FUNCTION = YES;
				GCC_WARN_UNUSED_VARIABLE = YES;
				IPHONEOS_DEPLOYMENT_TARGET = 17.0;
				MTL_FAST_MATH = YES;
				SDKROOT = iphoneos;
				SWIFT_COMPILATION_MODE = wholemodule;
				VALIDATE_PRODUCT = YES;
			};
			name = Release;
		};
		AF0000000000000000000005 /* Debug */ = {
			isa = XCBuildConfiguration;
			buildSettings = {
				ASSETCATALOG_COMPILER_APPICON_NAME = AppIcon;
				ASSETCATALOG_COMPILER_GLOBAL_ACCENT_COLOR_NAME = AccentColor;
				CODE_SIGN_STYLE = Automatic;
				CURRENT_PROJECT_VERSION = 1;
				DEVELOPMENT_ASSET_PATHS = "";
				DEVELOPMENT_TEAM = W394K7A46S;
				ENABLE_PREVIEWS = YES;
				GENERATE_INFOPLIST_FILE = NO;
				INFOPLIST_FILE = LittleBlackBook/Resources/Info.plist;
				IPHONEOS_DEPLOYMENT_TARGET = 17.0;
				LD_RUNPATH_SEARCH_PATHS = (
					"$(inherited)",
					"@executable_path/Frameworks",
				);
				MARKETING_VERSION = 1.0;
				PRODUCT_BUNDLE_IDENTIFIER = com.yishuihuayuan.littleblackbook;
				PRODUCT_NAME = "$(TARGET_NAME)";
				SWIFT_EMIT_LOC_STRINGS = YES;
				SWIFT_VERSION = 5.0;
				TARGETED_DEVICE_FAMILY = "1,2";
			};
			name = Debug;
		};
		AF0000000000000000000006 /* Release */ = {
			isa = XCBuildConfiguration;
			buildSettings = {
				ASSETCATALOG_COMPILER_APPICON_NAME = AppIcon;
				ASSETCATALOG_COMPILER_GLOBAL_ACCENT_COLOR_NAME = AccentColor;
				CODE_SIGN_STYLE = Automatic;
				CURRENT_PROJECT_VERSION = 1;
				DEVELOPMENT_ASSET_PATHS = "";
				DEVELOPMENT_TEAM = W394K7A46S;
				ENABLE_PREVIEWS = YES;
				GENERATE_INFOPLIST_FILE = NO;
				INFOPLIST_FILE = LittleBlackBook/Resources/Info.plist;
				IPHONEOS_DEPLOYMENT_TARGET = 17.0;
				LD_RUNPATH_SEARCH_PATHS = (
					"$(inherited)",
					"@executable_path/Frameworks",
				);
				MARKETING_VERSION = 1.0;
				PRODUCT_BUNDLE_IDENTIFIER = com.yishuihuayuan.littleblackbook;
				PRODUCT_NAME = "$(TARGET_NAME)";
				SWIFT_EMIT_LOC_STRINGS = YES;
				SWIFT_VERSION = 5.0;
				TARGETED_DEVICE_FAMILY = "1,2";
			};
			name = Release;
		};
/* End XCBuildConfiguration section */

/* Begin XCConfigurationList section */
		AF0000000000000000000001 /* Build configuration list for PBXNativeTarget "LittleBlackBook" */ = {
			isa = XCConfigurationList;
			buildConfigurations = (
				AF0000000000000000000005 /* Debug */,
				AF0000000000000000000006 /* Release */,
			);
			defaultConfigurationIsVisible = 0;
			defaultConfigurationName = Release;
		};
		AF0000000000000000000002 /* Build configuration list for PBXProject "LittleBlackBook" */ = {
			isa = XCConfigurationList;
			buildConfigurations = (
				AF0000000000000000000003 /* Debug */,
				AF0000000000000000000004 /* Release */,
			);
			defaultConfigurationIsVisible = 0;
			defaultConfigurationName = Release;
		};
/* End XCConfigurationList section */

/* Begin XCRemoteSwiftPackageReference section */
		CC0000000000000000000001 /* XCRemoteSwiftPackageReference "ZIPFoundation" */ = {
			isa = XCRemoteSwiftPackageReference;
			repositoryURL = "https://github.com/weichsel/ZIPFoundation.git";
			requirement = {
				kind = upToNextMajorVersion;
				minimumVersion = 0.9.0;
			};
		};
/* End XCRemoteSwiftPackageReference section */

/* Begin XCSwiftPackageProductDependency section */
		CC0000000000000000000002 /* ZIPFoundation */ = {
			isa = XCSwiftPackageProductDependency;
			package = CC0000000000000000000001 /* XCRemoteSwiftPackageReference "ZIPFoundation" */;
			productName = ZIPFoundation;
		};
/* End XCSwiftPackageProductDependency section */
	};
	rootObject = AE0000000000000000000000 /* Project object */;
}
